<?xml version="1.0" encoding="utf-8"?>
<Project ToolsVersion="4.0" xmlns="http://schemas.microsoft.com/developer/msbuild/2003">
  <ItemGroup>
    <Filter Include="dependencies">
      <UniqueIdentifier>{8CAD9F58-7810-2FFD-2196-67B30DD8FA7F}</UniqueIdentifier>
    </Filter>
    <Filter Include="dependencies\STB">
      <UniqueIdentifier>{84C5AED4-70BE-CD26-99F0-B2AB8548AD32}</UniqueIdentifier>
    </Filter>
    <Filter Include="dependencies\STB\stb">
      <UniqueIdentifier>{DCA5F971-C834-833B-7153-97365DC193E1}</UniqueIdentifier>
    </Filter>
    <Filter Include="dependencies\tinyobjloader">
      <UniqueIdentifier>{D16D5D0C-BD7D-09DD-2637-6EFB1266F875}</UniqueIdentifier>
    </Filter>
    <Filter Include="dependencies\tinyobjloader\tinyobj">
      <UniqueIdentifier>{1FBC846D-0BF8-87D7-740A-A0CE606530F2}</UniqueIdentifier>
    </Filter>
    <Filter Include="src">
      <UniqueIdentifier>{2DAB880B-99B4-887C-2230-9F7C8E38947C}</UniqueIdentifier>
    </Filter>
    <Filter Include="src\Rendering">
      <UniqueIdentifier>{BA10DABB-26D1-55F2-EF0B-9F6F5B8B9ACE}</UniqueIdentifier>
    </Filter>
  </ItemGroup>
  <ItemGroup>
    <ClInclude Include="src\Common.hpp">
      <Filter>src</Filter>
    </ClInclude>
    <ClInclude Include="src\Rendering\PixelBuffer.hpp">
      <Filter>src\Rendering</Filter>
    </ClInclude>
    <ClInclude Include="src\Rendering\Renderer.hpp">
      <Filter>src\Rendering</Filter>
    </ClInclude>
  </ItemGroup>
  <ItemGroup>
    <ClCompile Include="..\dependencies\STB\stb\image.cpp">
      <Filter>dependencies\STB\stb</Filter>
    </ClCompile>
    <ClCompile Include="..\dependencies\tinyobjloader\tinyobj\tiny_obj_loader.cpp">
      <Filter>dependencies\tinyobjloader\tinyobj</Filter>
    </ClCompile>
    <ClCompile Include="src\Common.cpp">
      <Filter>src</Filter>
    </ClCompile>
    <ClCompile Include="src\Main.cpp">
      <Filter>src</Filter>
    </ClCompile>
    <ClCompile Include="src\Rendering\PixelBuffer.cpp">
      <Filter>src\Rendering</Filter>
    </ClCompile>
    <ClCompile Include="src\Rendering\Renderer.cpp">
      <Filter>src\Rendering</Filter>
    </ClCompile>
  </ItemGroup>
</Project>